// !$*UTF8*$!
{
	archiveVersion = 1;
	classes = {
	};
	objectVersion = 50;
	objects = {

/* Begin PBXBuildFile section */
		A188CB7F2216C43D0015BC42 /* AppDelegate.m in Sources */ = {isa = PBXBuildFile; fileRef = A188CB7E2216C43D0015BC42 /* AppDelegate.m */; };
		A188CB822216C43D0015BC42 /* ViewController.m in Sources */ = {isa = PBXBuildFile; fileRef = A188CB812216C43D0015BC42 /* ViewController.m */; };
		A188CB852216C43D0015BC42 /* Main.storyboard in Resources */ = {isa = PBXBuildFile; fileRef = A188CB832216C43D0015BC42 /* Main.storyboard */; };
		A188CB882216C43D0015BC42 /* JLButtonWithModel.xcdatamodeld in Sources */ = {isa = PBXBuildFile; fileRef = A188CB862216C43D0015BC42 /* JLButtonWithModel.xcdatamodeld */; };
		A188CB8A2216C43F0015BC42 /* Assets.xcassets in Resources */ = {isa = PBXBuildFile; fileRef = A188CB892216C43F0015BC42 /* Assets.xcassets */; };
		A188CB8D2216C43F0015BC42 /* LaunchScreen.storyboard in Resources */ = {isa = PBXBuildFile; fileRef = A188CB8B2216C43F0015BC42 /* LaunchScreen.storyboard */; };
		A188CB902216C43F0015BC42 /* main.m in Sources */ = {isa = PBXBuildFile; fileRef = A188CB8F2216C43F0015BC42 /* main.m */; };
		A188CB9B2216C5110015BC42 /* UIButton+JLModelButton.m in Sources */ = {isa = PBXBuildFile; fileRef = A188CB9A2216C5110015BC42 /* UIButton+JLModelButton.m */; };
		A188CB9E2216C7960015BC42 /* JLButtonModel.m in Sources */ = {isa = PBXBuildFile; fileRef = A188CB9D2216C7960015BC42 /* JLButtonModel.m */; };
/* End PBXBuildFile section */

/* Begin PBXFileReference section */
		A188CB7A2216C43D0015BC42 /* JLButtonWithModel.app */ = {isa = PBXFileReference; explicitFileType = wrapper.application; includeInIndex = 0; path = JLButtonWithModel.app; sourceTree = BUILT_PRODUCTS_DIR; };
		A188CB7D2216C43D0015BC42 /* AppDelegate.h */ = {isa = PBXFileReference; lastKnownFileType = sourcecode.c.h; path = AppDelegate.h; sourceTree = "<group>"; };
		A188CB7E2216C43D0015BC42 /* AppDelegate.m */ = {isa = PBXFileReference; lastKnownFileType = sourcecode.c.objc; path = AppDelegate.m; sourceTree = "<group>"; };
		A188CB802216C43D0015BC42 /* ViewController.h */ = {isa = PBXFileReference; lastKnownFileType = sourcecode.c.h; path = ViewController.h; sourceTree = "<group>"; };
		A188CB812216C43D0015BC42 /* ViewController.m */ = {isa = PBXFileReference; lastKnownFileType = sourcecode.c.objc; path = ViewController.m; sourceTree = "<group>"; };
		A188CB842216C43D0015BC42 /* Base */ = {isa = PBXFileReference; lastKnownFileType = file.storyboard; name = Base; path = Base.lproj/Main.storyboard; sourceTree = "<group>"; };
		A188CB872216C43D0015BC42 /* JLButtonWithModel.xcdatamodel */ = {isa = PBXFileReference; lastKnownFileType = wrapper.xcdatamodel; path = JLButtonWithModel.xcdatamodel; sourceTree = "<group>"; };
		A188CB892216C43F0015BC42 /* Assets.xcassets */ = {isa = PBXFileReference; lastKnownFileType = folder.assetcatalog; path = Assets.xcassets; sourceTree = "<group>"; };
		A188CB8C2216C43F0015BC42 /* Base */ = {isa = PBXFileReference; lastKnownFileType = file.storyboard; name = Base; path = Base.lproj/LaunchScreen.storyboard; sourceTree = "<group>"; };
		A188CB8E2216C43F0015BC42 /* Info.plist */ = {isa = PBXFileReference; lastKnownFileType = text.plist.xml; path = Info.plist; sourceTree = "<group>"; };
		A188CB8F2216C43F0015BC42 /* main.m */ = {isa = PBXFileReference; lastKnownFileType = sourcecode.c.objc; path = main.m; sourceTree = "<group>"; };
		A188CB992216C5110015BC42 /* UIButton+JLModelButton.h */ = {isa = PBXFileReference; lastKnownFileType = sourcecode.c.h; path = "UIButton+JLModelButton.h"; sourceTree = "<group>"; };
		A188CB9A2216C5110015BC42 /* UIButton+JLModelButton.m */ = {isa = PBXFileReference; lastKnownFileType = sourcecode.c.objc; path = "UIButton+JLModelButton.m"; sourceTree = "<group>"; };
		A188CB9C2216C7960015BC42 /* JLButtonModel.h */ = {isa = PBXFileReference; lastKnownFileType = sourcecode.c.h; path = JLButtonModel.h; sourceTree = "<group>"; };
		A188CB9D2216C7960015BC42 /* JLButtonModel.m */ = {isa = PBXFileReference; lastKnownFileType = sourcecode.c.objc; path = JLButtonModel.m; sourceTree = "<group>"; };
/* End PBXFileReference section */

/* Begin PBXFrameworksBuildPhase section */
		A188CB772216C43D0015BC42 /* Frameworks */ = {
			isa = PBXFrameworksBuildPhase;
			buildActionMask = 2147483647;
			files = (
			);
			runOnlyForDeploymentPostprocessing = 0;
		};
/* End PBXFrameworksBuildPhase section */

/* Begin PBXGroup section */
		A188CB712216C43D0015BC42 = {
			isa = PBXGroup;
			children = (
				A188CB7C2216C43D0015BC42 /* JLButtonWithModel */,
				A188CB7B2216C43D0015BC42 /* Products */,
			);
			sourceTree = "<group>";
		};
		A188CB7B2216C43D0015BC42 /* Products */ = {
			isa = PBXGroup;
			children = (
				A188CB7A2216C43D0015BC42 /* JLButtonWithModel.app */,
			);
			name = Products;
			sourceTree = "<group>";
		};
		A188CB7C2216C43D0015BC42 /* JLButtonWithModel */ = {
			isa = PBXGroup;
			children = (
				A188CB7D2216C43D0015BC42 /* AppDelegate.h */,
				A188CB7E2216C43D0015BC42 /* AppDelegate.m */,
				A188CB802216C43D0015BC42 /* ViewController.h */,
				A188CB812216C43D0015BC42 /* ViewController.m */,
				A188CB9C2216C7960015BC42 /* JLButtonModel.h */,
				A188CB9D2216C7960015BC42 /* JLButtonModel.m */,
				A188CB992216C5110015BC42 /* UIButton+JLModelButton.h */,
				A188CB9A2216C5110015BC42 /* UIButton+JLModelButton.m */,
				A188CB832216C43D0015BC42 /* Main.storyboard */,
				A188CB892216C43F0015BC42 /* Assets.xcassets */,
				A188CB8B2216C43F0015BC42 /* LaunchScreen.storyboard */,
				A188CB8E2216C43F0015BC42 /* Info.plist */,
				A188CB8F2216C43F0015BC42 /* main.m */,
				A188CB862216C43D0015BC42 /* JLButtonWithModel.xcdatamodeld */,
			);
			path = JLButtonWithModel;
			sourceTree = "<group>";
		};
/* End PBXGroup section */

/* Begin PBXNativeTarget section */
		A188CB792216C43D0015BC42 /* JLButtonWithModel */ = {
			isa = PBXNativeTarget;
			buildConfigurationList = A188CB932216C43F0015BC42 /* Build configuration list for PBXNativeTarget "JLButtonWithModel" */;
			buildPhases = (
				A188CB762216C43D0015BC42 /* Sources */,
				A188CB772216C43D0015BC42 /* Frameworks */,
				A188CB782216C43D0015BC42 /* Resources */,
			);
			buildRules = (
			);
			dependencies = (
			);
			name = JLButtonWithModel;
			productName = JLButtonWithModel;
			productReference = A188CB7A2216C43D0015BC42 /* JLButtonWithModel.app */;
			productType = "com.apple.product-type.application";
		};
/* End PBXNativeTarget section */

/* Begin PBXProject section */
		A188CB722216C43D0015BC42 /* Project object */ = {
			isa = PBXProject;
			attributes = {
				LastUpgradeCheck = 1010;
				ORGANIZATIONNAME = John;
				TargetAttributes = {
					A188CB792216C43D0015BC42 = {
						CreatedOnToolsVersion = 10.1;
					};
				};
			};
			buildConfigurationList = A188CB752216C43D0015BC42 /* Build configuration list for PBXProject "JLButtonWithModel" */;
			compatibilityVersion = "Xcode 9.3";
			developmentRegion = en;
			hasScannedForEncodings = 0;
			knownRegions = (
				en,
				Base,
			);
			mainGroup = A188CB712216C43D0015BC42;
			productRefGroup = A188CB7B2216C43D0015BC42 /* Products */;
			projectDirPath = "";
			projectRoot = "";
			targets = (
				A188CB792216C43D0015BC42 /* JLButtonWithModel */,
			);
		};
/* End PBXProject section */

/* Begin PBXResourcesBuildPhase section */
		A188CB782216C43D0015BC42 /* Resources */ = {
			isa = PBXResourcesBuildPhase;
			buildActionMask = 2147483647;
			files = (
				A188CB8D2216C43F0015BC42 /* LaunchScreen.storyboard in Resources */,
				A188CB8A2216C43F0015BC42 /* Assets.xcassets in Resources */,
				A188CB852216C43D0015BC42 /* Main.storyboard in Resources */,
			);
			runOnlyForDeploymentPostprocessing = 0;
		};
/* End PBXResourcesBuildPhase section */

/* Begin PBXSourcesBuildPhase section */
		A188CB762216C43D0015BC42 /* Sources */ = {
			isa = PBXSourcesBuildPhase;
			buildActionMask = 2147483647;
			files = (
				A188CB822216C43D0015BC42 /* ViewController.m in Sources */,
				A188CB7F2216C43D0015BC42 /* AppDelegate.m in Sources */,
				A188CB902216C43F0015BC42 /* main.m in Sources */,
				A188CB9B2216C5110015BC42 /* UIButton+JLModelButton.m in Sources */,
				A188CB882216C43D0015BC42 /* JLButtonWithModel.xcdatamodeld in Sources */,
				A188CB9E2216C7960015BC42 /* JLButtonModel.m in Sources */,
			);
			runOnlyForDeploymentPostprocessing = 0;
		};
/* End PBXSourcesBuildPhase section */

/* Begin PBXVariantGroup section */
		A188CB832216C43D0015BC42 /* Main.storyboard */ = {
			isa = PBXVariantGroup;
			children = (
				A188CB842216C43D0015BC42 /* Base */,
			);
			name = Main.storyboard;
			sourceTree = "<group>";
		};
		A188CB8B2216C43F0015BC42 /* LaunchScreen.storyboard */ = {
			isa = PBXVariantGroup;
			children = (
				A188CB8C2216C43F0015BC42 /* Base */,
			);
			name = LaunchScreen.storyboard;
			sourceTree = "<group>";
		};
/* End PBXVariantGroup section */

/* Begin XCBuildConfiguration section */
		A188CB912216C43F0015BC42 /* Debug */ = {
			isa = XCBuildConfiguration;
			buildSettings = {
				ALWAYS_SEARCH_USER_PATHS = NO;
				CLANG_ANALYZER_NONNULL = YES;
				CLANG_ANALYZER_NUMBER_OBJECT_CONVERSION = YES_AGGRESSIVE;
				CLANG_CXX_LANGUAGE_STANDARD = "gnu++14";
				CLANG_CXX_LIBRARY = "libc++";
				CLANG_ENABLE_MODULES = YES;
				CLANG_ENABLE_OBJC_ARC = YES;
				CLANG_ENABLE_OBJC_WEAK = YES;
				CLANG_WARN_BLOCK_CAPTURE_AUTORELEASING = YES;
				CLANG_WARN_BOOL_CONVERSION = YES;
				CLANG_WARN_COMMA = YES;
				CLANG_WARN_CONSTANT_CONVERSION = YES;
				CLANG_WARN_DEPRECATED_OBJC_IMPLEMENTATIONS = YES;
				CLANG_WARN_DIRECT_OBJC_ISA_USAGE = YES_ERROR;
				CLANG_WARN_DOCUMENTATION_COMMENTS = YES;
				CLANG_WARN_EMPTY_BODY = YES;
				CLANG_WARN_ENUM_CONVERSION = YES;
				CLANG_WARN_INFINITE_RECURSION = YES;
				CLANG_WARN_INT_CONVERSION = YES;
				CLANG_WARN_NON_LITERAL_NULL_CONVERSION = YES;
				CLANG_WARN_OBJC_IMPLICIT_RETAIN_SELF = YES;
				CLANG_WARN_OBJC_LITERAL_CONVERSION = YES;
				CLANG_WARN_OBJC_ROOT_CLASS = YES_ERROR;
				CLANG_WARN_RANGE_LOOP_ANALYSIS = YES;
				CLANG_WARN_STRICT_PROTOTYPES = YES;
				CLANG_WARN_SUSPICIOUS_MOVE = YES;
				CLANG_WARN_UNGUARDED_AVAILABILITY = YES_AGGRESSIVE;
				CLANG_WARN_UNREACHABLE_CODE = YES;
				CLANG_WARN__DUPLICATE_METHOD_MATCH = YES;
				CODE_SIGN_IDENTITY = "iPhone Developer";
				COPY_PHASE_STRIP = NO;
				DEBUG_INFORMATION_FORMAT = dwarf;
				ENABLE_STRICT_OBJC_MSGSEND = YES;
				ENABLE_TESTABILITY = YES;
				GCC_C_LANGUAGE_STANDARD = gnu11;
				GCC_DYNAMIC_NO_PIC = NO;
				GCC_NO_COMMON_BLOCKS = YES;
				GCC_OPTIMIZATION_LEVEL = 0;
				GCC_PREPROCESSOR_DEFINITIONS = (
					"DEBUG=1",
					"$(inherited)",
				);
				GCC_WARN_64_TO_32_BIT_CONVERSION = YES;
				GCC_WARN_ABOUT_RETURN_TYPE = YES_ERROR;
				GCC_WARN_UNDECLARED_SELECTOR = YES;
				GCC_WARN_UNINITIALIZED_AUTOS = YES_AGGRESSIVE;
				GCC_WARN_UNUSED_FUNCTION = YES;
				GCC_WARN_UNUSED_VARIABLE = YES;
				IPHONEOS_DEPLOYMENT_TARGET = 12.1;
				MTL_ENABLE_DEBUG_INFO = INCLUDE_SOURCE;
				MTL_FAST_MATH = YES;
				ONLY_ACTIVE_ARCH = YES;
				SDKROOT = iphoneos;
			};
			name = Debug;
		};
		A188CB922216C43F0015BC42 /* Release */ = {
			isa = XCBuildConfiguration;
			buildSettings = {
				ALWAYS_SEARCH_USER_PATHS = NO;
				CLANG_ANALYZER_NONNULL = YES;
				CLANG_ANALYZER_NUMBER_OBJECT_CONVERSION = YES_AGGRESSIVE;
				CLANG_CXX_LANGUAGE_STANDARD = "gnu++14";
				CLANG_CXX_LIBRARY = "libc++";
				CLANG_ENABLE_MODULES = YES;
				CLANG_ENABLE_OBJC_ARC = YES;
				CLANG_ENABLE_OBJC_WEAK = YES;
				CLANG_WARN_BLOCK_CAPTURE_AUTORELEASING = YES;
				CLANG_WARN_BOOL_CONVERSION = YES;
				CLANG_WARN_COMMA = YES;
				CLANG_WARN_CONSTANT_CONVERSION = YES;
				CLANG_WARN_DEPRECATED_OBJC_IMPLEMENTATIONS = YES;
				CLANG_WARN_DIRECT_OBJC_ISA_USAGE = YES_ERROR;
				CLANG_WARN_DOCUMENTATION_COMMENTS = YES;
				CLANG_WARN_EMPTY_BODY = YES;
				CLANG_WARN_ENUM_CONVERSION = YES;
				CLANG_WARN_INFINITE_RECURSION = YES;
				CLANG_WARN_INT_CONVERSION = YES;
				CLANG_WARN_NON_LITERAL_NULL_CONVERSION = YES;
				CLANG_WARN_OBJC_IMPLICIT_RETAIN_SELF = YES;
				CLANG_WARN_OBJC_LITERAL_CONVERSION = YES;
				CLANG_WARN_OBJC_ROOT_CLASS = YES_ERROR;
				CLANG_WARN_RANGE_LOOP_ANALYSIS = YES;
				CLANG_WARN_STRICT_PROTOTYPES = YES;
				CLANG_WARN_SUSPICIOUS_MOVE = YES;
				CLANG_WARN_UNGUARDED_AVAILABILITY = YES_AGGRESSIVE;
				CLANG_WARN_UNREACHABLE_CODE = YES;
				CLANG_WARN__DUPLICATE_METHOD_MATCH = YES;
				CODE_SIGN_IDENTITY = "iPhone Developer";
				COPY_PHASE_STRIP = NO;
				DEBUG_INFORMATION_FORMAT = "dwarf-with-dsym";
				ENABLE_NS_ASSERTIONS = NO;
				ENABLE_STRICT_OBJC_MSGSEND = YES;
				GCC_C_LANGUAGE_STANDARD = gnu11;
				GCC_NO_COMMON_BLOCKS = YES;
				GCC_WARN_64_TO_32_BIT_CONVERSION = YES;
				GCC_WARN_ABOUT_RETURN_TYPE = YES_ERROR;
				GCC_WARN_UNDECLARED_SELECTOR = YES;
				GCC_WARN_UNINITIALIZED_AUTOS = YES_AGGRESSIVE;
				GCC_WARN_UNUSED_FUNCTION = YES;
				GCC_WARN_UNUSED_VARIABLE = YES;
				IPHONEOS_DEPLOYMENT_TARGET = 12.1;
				MTL_ENABLE_DEBUG_INFO = NO;
				MTL_FAST_MATH = YES;
				SDKROOT = iphoneos;
				VALIDATE_PRODUCT = YES;
			};
			name = Release;
		};
		A188CB942216C43F0015BC42 /* Debug */ = {
			isa = XCBuildConfiguration;
			buildSettings = {
				ASSETCATALOG_COMPILER_APPICON_NAME = AppIcon;
				CODE_SIGN_STYLE = Automatic;
				INFOPLIST_FILE = JLButtonWithModel/Info.plist;
				LD_RUNPATH_SEARCH_PATHS = (
					"$(inherited)",
					"@executable_path/Frameworks",
				);
				PRODUCT_BUNDLE_IDENTIFIER = com.reactiveCocoa.JLButtonWithModel;
				PRODUCT_NAME = "$(TARGET_NAME)";
				TARGETED_DEVICE_FAMILY = "1,2";
			};
			name = Debug;
		};
		A188CB952216C43F0015BC42 /* Release */ = {
			isa = XCBuildConfiguration;
			buildSettings = {
				ASSETCATALOG_COMPILER_APPICON_NAME = AppIcon;
				CODE_SIGN_STYLE = Automatic;
				INFOPLIST_FILE = JLButtonWithModel/Info.plist;
				LD_RUNPATH_SEARCH_PATHS = (
					"$(inherited)",
					"@executable_path/Frameworks",
				);
				PRODUCT_BUNDLE_IDENTIFIER = com.reactiveCocoa.JLButtonWithModel;
				PRODUCT_NAME = "$(TARGET_NAME)";
				TARGETED_DEVICE_FAMILY = "1,2";
			};
			name = Release;
		};
/* End XCBuildConfiguration section */

/* Begin XCConfigurationList section */
		A188CB752216C43D0015BC42 /* Build configuration list for PBXProject "JLButtonWithModel" */ = {
			isa = XCConfigurationList;
			buildConfigurations = (
				A188CB912216C43F0015BC42 /* Debug */,
				A188CB922216C43F0015BC42 /* Release */,
			);
			defaultConfigurationIsVisible = 0;
			defaultConfigurationName = Release;
		};
		A188CB932216C43F0015BC42 /* Build configuration list for PBXNativeTarget "JLButtonWithModel" */ = {
			isa = XCConfigurationList;
			buildConfigurations = (
				A188CB942216C43F0015BC42 /* Debug */,
				A188CB952216C43F0015BC42 /* Release */,
			);
			defaultConfigurationIsVisible = 0;
			defaultConfigurationName = Release;
		};
/* End XCConfigurationList section */

/* Begin XCVersionGroup section */
		A188CB862216C43D0015BC42 /* JLButtonWithModel.xcdatamodeld */ = {
			isa = XCVersionGroup;
			children = (
				A188CB872216C43D0015BC42 /* JLButtonWithModel.xcdatamodel */,
			);
			currentVersion = A188CB872216C43D0015BC42 /* JLButtonWithModel.xcdatamodel */;
			path = JLButtonWithModel.xcdatamodeld;
			sourceTree = "<group>";
			versionGroupType = wrapper.xcdatamodel;
		};
/* End XCVersionGroup section */
	};
	rootObject = A188CB722216C43D0015BC42 /* Project object */;
}
